
Microsoft Visual Studio Solution File, Format Version 12.00
# Visual Studio Version 17
VisualStudioVersion = 17.7.34031.279
MinimumVisualStudioVersion = 10.0.40219.1
Project("{FAE04EC0-301F-11D3-BF4B-00C04F79EFBC}") = "Pętla For", "Pętla For\Pętla For.csproj", "{4EB21DCC-C1C0-460A-AAA8-36F5CD36D62C}"
EndProject
Global
	GlobalSection(SolutionConfigurationPlatforms) = preSolution
		Debug|Any CPU = Debug|Any CPU
		Release|Any CPU = Release|Any CPU
	EndGlobalSection
	GlobalSection(ProjectConfigurationPlatforms) = postSolution
		{4EB21DCC-C1C0-460A-AAA8-36F5CD36D62C}.Debug|Any CPU.ActiveCfg = Debug|Any CPU
		{4EB21DCC-C1C0-460A-AAA8-36F5CD36D62C}.Debug|Any CPU.Build.0 = Debug|Any CPU
		{4EB21DCC-C1C0-460A-AAA8-36F5CD36D62C}.Release|Any CPU.ActiveCfg = Release|Any CPU
		{4EB21DCC-C1C0-460A-AAA8-36F5CD36D62C}.Release|Any CPU.Build.0 = Release|Any CPU
	EndGlobalSection
	GlobalSection(SolutionProperties) = preSolution
		HideSolutionNode = FALSE
	EndGlobalSection
	GlobalSection(ExtensibilityGlobals) = postSolution
		SolutionGuid = {8D4DFB35-82B0-4599-9AFE-3CD842E2A853}
	EndGlobalSection
EndGlobal
